
Microsoft Visual Studio Solution File, Format Version 12.00
# Visual Studio Version 17
VisualStudioVersion = 17.11.35312.102
MinimumVisualStudioVersion = 10.0.40219.1
Project("{FAE04EC0-301F-11D3-BF4B-00C04F79EFBC}") = "FitPlay.Api", "FitPlay.Api\FitPlay.Api.csproj", "{CD1A8458-EE25-4148-9198-3B0CF462D03C}"
EndProject
Project("{9A19103F-16F7-4668-BE54-9A1E7A4F7556}") = "FitPlay.Domain", "FitPlay.Domain\FitPlay.Domain.csproj", "{72766D38-8B45-4687-B873-69864204A599}"
EndProject
Project("{54A90642-561A-4BB1-A94E-469ADEE60C69}") = "FitPlay.UI.React", "FitPlay.UI.React\FitPlay.UI.React.esproj", "{B3524DC2-EDEC-4C78-893C-75DE84252F0B}"
EndProject
Project("{FAE04EC0-301F-11D3-BF4B-00C04F79EFBC}") = "FitPlay-Blazor", "FitPlay-Blazor\FitPlay-Blazor.csproj", "{0092FCC4-F650-44F8-A3EF-407E2EB63219}"
EndProject
Global
	GlobalSection(SolutionConfigurationPlatforms) = preSolution
		Debug|Any CPU = Debug|Any CPU
		Release|Any CPU = Release|Any CPU
	EndGlobalSection
	GlobalSection(ProjectConfigurationPlatforms) = postSolution
		{CD1A8458-EE25-4148-9198-3B0CF462D03C}.Debug|Any CPU.ActiveCfg = Debug|Any CPU
		{CD1A8458-EE25-4148-9198-3B0CF462D03C}.Debug|Any CPU.Build.0 = Debug|Any CPU
		{CD1A8458-EE25-4148-9198-3B0CF462D03C}.Release|Any CPU.ActiveCfg = Release|Any CPU
		{CD1A8458-EE25-4148-9198-3B0CF462D03C}.Release|Any CPU.Build.0 = Release|Any CPU
		{72766D38-8B45-4687-B873-69864204A599}.Debug|Any CPU.ActiveCfg = Debug|Any CPU
		{72766D38-8B45-4687-B873-69864204A599}.Debug|Any CPU.Build.0 = Debug|Any CPU
		{72766D38-8B45-4687-B873-69864204A599}.Release|Any CPU.ActiveCfg = Release|Any CPU
		{72766D38-8B45-4687-B873-69864204A599}.Release|Any CPU.Build.0 = Release|Any CPU
		{B3524DC2-EDEC-4C78-893C-75DE84252F0B}.Debug|Any CPU.ActiveCfg = Debug|Any CPU
		{B3524DC2-EDEC-4C78-893C-75DE84252F0B}.Debug|Any CPU.Build.0 = Debug|Any CPU
		{B3524DC2-EDEC-4C78-893C-75DE84252F0B}.Debug|Any CPU.Deploy.0 = Debug|Any CPU
		{B3524DC2-EDEC-4C78-893C-75DE84252F0B}.Release|Any CPU.ActiveCfg = Release|Any CPU
		{B3524DC2-EDEC-4C78-893C-75DE84252F0B}.Release|Any CPU.Build.0 = Release|Any CPU
		{B3524DC2-EDEC-4C78-893C-75DE84252F0B}.Release|Any CPU.Deploy.0 = Release|Any CPU
		{0092FCC4-F650-44F8-A3EF-407E2EB63219}.Debug|Any CPU.ActiveCfg = Debug|Any CPU
		{0092FCC4-F650-44F8-A3EF-407E2EB63219}.Debug|Any CPU.Build.0 = Debug|Any CPU
		{0092FCC4-F650-44F8-A3EF-407E2EB63219}.Release|Any CPU.ActiveCfg = Release|Any CPU
		{0092FCC4-F650-44F8-A3EF-407E2EB63219}.Release|Any CPU.Build.0 = Release|Any CPU
	EndGlobalSection
	GlobalSection(SolutionProperties) = preSolution
		HideSolutionNode = FALSE
	EndGlobalSection
	GlobalSection(ExtensibilityGlobals) = postSolution
		SolutionGuid = {6C0373BF-BF88-4937-A3B8-8DB023C0CA0E}
	EndGlobalSection
EndGlobal
